// !$*UTF8*$!
{
	archiveVersion = 1;
	classes = {
	};
	objectVersion = 46;
	objects = {

/* Begin PBXBuildFile section */
		205F52B41B33E160007699AA /* AppDelegate.swift in Sources */ = {isa = PBXBuildFile; fileRef = 205F52B31B33E160007699AA /* AppDelegate.swift */; };
		205F52B61B33E160007699AA /* ViewController.swift in Sources */ = {isa = PBXBuildFile; fileRef = 205F52B51B33E160007699AA /* ViewController.swift */; };
		205F52B91B33E161007699AA /* Main.storyboard in Resources */ = {isa = PBXBuildFile; fileRef = 205F52B71B33E161007699AA /* Main.storyboard */; };
		205F52BB1B33E161007699AA /* Images.xcassets in Resources */ = {isa = PBXBuildFile; fileRef = 205F52BA1B33E161007699AA /* Images.xcassets */; };
		205F52BE1B33E161007699AA /* LaunchScreen.xib in Resources */ = {isa = PBXBuildFile; fileRef = 205F52BC1B33E161007699AA /* LaunchScreen.xib */; };
		205F52CA1B33E161007699AA /* SelfSizingCollectionViewCellTests.swift in Sources */ = {isa = PBXBuildFile; fileRef = 205F52C91B33E161007699AA /* SelfSizingCollectionViewCellTests.swift */; };
/* End PBXBuildFile section */

/* Begin PBXContainerItemProxy section */
		205F52C41B33E161007699AA /* PBXContainerItemProxy */ = {
			isa = PBXContainerItemProxy;
			containerPortal = 205F52A61B33E160007699AA /* Project object */;
			proxyType = 1;
			remoteGlobalIDString = 205F52AD1B33E160007699AA;
			remoteInfo = SelfSizingCollectionViewCell;
		};
/* End PBXContainerItemProxy section */

/* Begin PBXFileReference section */
		205F52AE1B33E160007699AA /* SelfSizingCollectionViewCell.app */ = {isa = PBXFileReference; explicitFileType = wrapper.application; includeInIndex = 0; path = SelfSizingCollectionViewCell.app; sourceTree = BUILT_PRODUCTS_DIR; };
		205F52B21B33E160007699AA /* Info.plist */ = {isa = PBXFileReference; lastKnownFileType = text.plist.xml; path = Info.plist; sourceTree = "<group>"; };
		205F52B31B33E160007699AA /* AppDelegate.swift */ = {isa = PBXFileReference; lastKnownFileType = sourcecode.swift; path = AppDelegate.swift; sourceTree = "<group>"; };
		205F52B51B33E160007699AA /* ViewController.swift */ = {isa = PBXFileReference; lastKnownFileType = sourcecode.swift; path = ViewController.swift; sourceTree = "<group>"; };
		205F52B81B33E161007699AA /* Base */ = {isa = PBXFileReference; lastKnownFileType = file.storyboard; name = Base; path = Base.lproj/Main.storyboard; sourceTree = "<group>"; };
		205F52BA1B33E161007699AA /* Images.xcassets */ = {isa = PBXFileReference; lastKnownFileType = folder.assetcatalog; path = Images.xcassets; sourceTree = "<group>"; };
		205F52BD1B33E161007699AA /* Base */ = {isa = PBXFileReference; lastKnownFileType = file.xib; name = Base; path = Base.lproj/LaunchScreen.xib; sourceTree = "<group>"; };
		205F52C31B33E161007699AA /* SelfSizingCollectionViewCellTests.xctest */ = {isa = PBXFileReference; explicitFileType = wrapper.cfbundle; includeInIndex = 0; path = SelfSizingCollectionViewCellTests.xctest; sourceTree = BUILT_PRODUCTS_DIR; };
		205F52C81B33E161007699AA /* Info.plist */ = {isa = PBXFileReference; lastKnownFileType = text.plist.xml; path = Info.plist; sourceTree = "<group>"; };
		205F52C91B33E161007699AA /* SelfSizingCollectionViewCellTests.swift */ = {isa = PBXFileReference; lastKnownFileType = sourcecode.swift; path = SelfSizingCollectionViewCellTests.swift; sourceTree = "<group>"; };
/* End PBXFileReference section */

/* Begin PBXFrameworksBuildPhase section */
		205F52AB1B33E160007699AA /* Frameworks */ = {
			isa = PBXFrameworksBuildPhase;
			buildActionMask = 2147483647;
			files = (
			);
			runOnlyForDeploymentPostprocessing = 0;
		};
		205F52C01B33E161007699AA /* Frameworks */ = {
			isa = PBXFrameworksBuildPhase;
			buildActionMask = 2147483647;
			files = (
			);
			runOnlyForDeploymentPostprocessing = 0;
		};
/* End PBXFrameworksBuildPhase section */

/* Begin PBXGroup section */
		205F52A51B33E160007699AA = {
			isa = PBXGroup;
			children = (
				205F52B01B33E160007699AA /* SelfSizingCollectionViewCell */,
				205F52C61B33E161007699AA /* SelfSizingCollectionViewCellTests */,
				205F52AF1B33E160007699AA /* Products */,
			);
			sourceTree = "<group>";
		};
		205F52AF1B33E160007699AA /* Products */ = {
			isa = PBXGroup;
			children = (
				205F52AE1B33E160007699AA /* SelfSizingCollectionViewCell.app */,
				205F52C31B33E161007699AA /* SelfSizingCollectionViewCellTests.xctest */,
			);
			name = Products;
			sourceTree = "<group>";
		};
		205F52B01B33E160007699AA /* SelfSizingCollectionViewCell */ = {
			isa = PBXGroup;
			children = (
				205F52B31B33E160007699AA /* AppDelegate.swift */,
				205F52B51B33E160007699AA /* ViewController.swift */,
				205F52B71B33E161007699AA /* Main.storyboard */,
				205F52BA1B33E161007699AA /* Images.xcassets */,
				205F52BC1B33E161007699AA /* LaunchScreen.xib */,
				205F52B11B33E160007699AA /* Supporting Files */,
			);
			path = SelfSizingCollectionViewCell;
			sourceTree = "<group>";
		};
		205F52B11B33E160007699AA /* Supporting Files */ = {
			isa = PBXGroup;
			children = (
				205F52B21B33E160007699AA /* Info.plist */,
			);
			name = "Supporting Files";
			sourceTree = "<group>";
		};
		205F52C61B33E161007699AA /* SelfSizingCollectionViewCellTests */ = {
			isa = PBXGroup;
			children = (
				205F52C91B33E161007699AA /* SelfSizingCollectionViewCellTests.swift */,
				205F52C71B33E161007699AA /* Supporting Files */,
			);
			path = SelfSizingCollectionViewCellTests;
			sourceTree = "<group>";
		};
		205F52C71B33E161007699AA /* Supporting Files */ = {
			isa = PBXGroup;
			children = (
				205F52C81B33E161007699AA /* Info.plist */,
			);
			name = "Supporting Files";
			sourceTree = "<group>";
		};
/* End PBXGroup section */

/* Begin PBXNativeTarget section */
		205F52AD1B33E160007699AA /* SelfSizingCollectionViewCell */ = {
			isa = PBXNativeTarget;
			buildConfigurationList = 205F52CD1B33E161007699AA /* Build configuration list for PBXNativeTarget "SelfSizingCollectionViewCell" */;
			buildPhases = (
				205F52AA1B33E160007699AA /* Sources */,
				205F52AB1B33E160007699AA /* Frameworks */,
				205F52AC1B33E160007699AA /* Resources */,
			);
			buildRules = (
			);
			dependencies = (
			);
			name = SelfSizingCollectionViewCell;
			productName = SelfSizingCollectionViewCell;
			productReference = 205F52AE1B33E160007699AA /* SelfSizingCollectionViewCell.app */;
			productType = "com.apple.product-type.application";
		};
		205F52C21B33E161007699AA /* SelfSizingCollectionViewCellTests */ = {
			isa = PBXNativeTarget;
			buildConfigurationList = 205F52D01B33E161007699AA /* Build configuration list for PBXNativeTarget "SelfSizingCollectionViewCellTests" */;
			buildPhases = (
				205F52BF1B33E161007699AA /* Sources */,
				205F52C01B33E161007699AA /* Frameworks */,
				205F52C11B33E161007699AA /* Resources */,
			);
			buildRules = (
			);
			dependencies = (
				205F52C51B33E161007699AA /* PBXTargetDependency */,
			);
			name = SelfSizingCollectionViewCellTests;
			productName = SelfSizingCollectionViewCellTests;
			productReference = 205F52C31B33E161007699AA /* SelfSizingCollectionViewCellTests.xctest */;
			productType = "com.apple.product-type.bundle.unit-test";
		};
/* End PBXNativeTarget section */

/* Begin PBXProject section */
		205F52A61B33E160007699AA /* Project object */ = {
			isa = PBXProject;
			attributes = {
				LastUpgradeCheck = 0630;
				ORGANIZATIONNAME = "Anıl Göktaş";
				TargetAttributes = {
					205F52AD1B33E160007699AA = {
						CreatedOnToolsVersion = 6.3.2;
					};
					205F52C21B33E161007699AA = {
						CreatedOnToolsVersion = 6.3.2;
						TestTargetID = 205F52AD1B33E160007699AA;
					};
				};
			};
			buildConfigurationList = 205F52A91B33E160007699AA /* Build configuration list for PBXProject "SelfSizingCollectionViewCell" */;
			compatibilityVersion = "Xcode 3.2";
			developmentRegion = English;
			hasScannedForEncodings = 0;
			knownRegions = (
				en,
				Base,
			);
			mainGroup = 205F52A51B33E160007699AA;
			productRefGroup = 205F52AF1B33E160007699AA /* Products */;
			projectDirPath = "";
			projectRoot = "";
			targets = (
				205F52AD1B33E160007699AA /* SelfSizingCollectionViewCell */,
				205F52C21B33E161007699AA /* SelfSizingCollectionViewCellTests */,
			);
		};
/* End PBXProject section */

/* Begin PBXResourcesBuildPhase section */
		205F52AC1B33E160007699AA /* Resources */ = {
			isa = PBXResourcesBuildPhase;
			buildActionMask = 2147483647;
			files = (
				205F52B91B33E161007699AA /* Main.storyboard in Resources */,
				205F52BE1B33E161007699AA /* LaunchScreen.xib in Resources */,
				205F52BB1B33E161007699AA /* Images.xcassets in Resources */,
			);
			runOnlyForDeploymentPostprocessing = 0;
		};
		205F52C11B33E161007699AA /* Resources */ = {
			isa = PBXResourcesBuildPhase;
			buildActionMask = 2147483647;
			files = (
			);
			runOnlyForDeploymentPostprocessing = 0;
		};
/* End PBXResourcesBuildPhase section */

/* Begin PBXSourcesBuildPhase section */
		205F52AA1B33E160007699AA /* Sources */ = {
			isa = PBXSourcesBuildPhase;
			buildActionMask = 2147483647;
			files = (
				205F52B61B33E160007699AA /* ViewController.swift in Sources */,
				205F52B41B33E160007699AA /* AppDelegate.swift in Sources */,
			);
			runOnlyForDeploymentPostprocessing = 0;
		};
		205F52BF1B33E161007699AA /* Sources */ = {
			isa = PBXSourcesBuildPhase;
			buildActionMask = 2147483647;
			files = (
				205F52CA1B33E161007699AA /* SelfSizingCollectionViewCellTests.swift in Sources */,
			);
			runOnlyForDeploymentPostprocessing = 0;
		};
/* End PBXSourcesBuildPhase section */

/* Begin PBXTargetDependency section */
		205F52C51B33E161007699AA /* PBXTargetDependency */ = {
			isa = PBXTargetDependency;
			target = 205F52AD1B33E160007699AA /* SelfSizingCollectionViewCell */;
			targetProxy = 205F52C41B33E161007699AA /* PBXContainerItemProxy */;
		};
/* End PBXTargetDependency section */

/* Begin PBXVariantGroup section */
		205F52B71B33E161007699AA /* Main.storyboard */ = {
			isa = PBXVariantGroup;
			children = (
				205F52B81B33E161007699AA /* Base */,
			);
			name = Main.storyboard;
			sourceTree = "<group>";
		};
		205F52BC1B33E161007699AA /* LaunchScreen.xib */ = {
			isa = PBXVariantGroup;
			children = (
				205F52BD1B33E161007699AA /* Base */,
			);
			name = LaunchScreen.xib;
			sourceTree = "<group>";
		};
/* End PBXVariantGroup section */

/* Begin XCBuildConfiguration section */
		205F52CB1B33E161007699AA /* Debug */ = {
			isa = XCBuildConfiguration;
			buildSettings = {
				ALWAYS_SEARCH_USER_PATHS = NO;
				CLANG_CXX_LANGUAGE_STANDARD = "gnu++0x";
				CLANG_CXX_LIBRARY = "libc++";
				CLANG_ENABLE_MODULES = YES;
				CLANG_ENABLE_OBJC_ARC = YES;
				CLANG_WARN_BOOL_CONVERSION = YES;
				CLANG_WARN_CONSTANT_CONVERSION = YES;
				CLANG_WARN_DIRECT_OBJC_ISA_USAGE = YES_ERROR;
				CLANG_WARN_EMPTY_BODY = YES;
				CLANG_WARN_ENUM_CONVERSION = YES;
				CLANG_WARN_INT_CONVERSION = YES;
				CLANG_WARN_OBJC_ROOT_CLASS = YES_ERROR;
				CLANG_WARN_UNREACHABLE_CODE = YES;
				CLANG_WARN__DUPLICATE_METHOD_MATCH = YES;
				"CODE_SIGN_IDENTITY[sdk=iphoneos*]" = "iPhone Developer";
				COPY_PHASE_STRIP = NO;
				DEBUG_INFORMATION_FORMAT = "dwarf-with-dsym";
				ENABLE_STRICT_OBJC_MSGSEND = YES;
				GCC_C_LANGUAGE_STANDARD = gnu99;
				GCC_DYNAMIC_NO_PIC = NO;
				GCC_NO_COMMON_BLOCKS = YES;
				GCC_OPTIMIZATION_LEVEL = 0;
				GCC_PREPROCESSOR_DEFINITIONS = (
					"DEBUG=1",
					"$(inherited)",
				);
				GCC_SYMBOLS_PRIVATE_EXTERN = NO;
				GCC_WARN_64_TO_32_BIT_CONVERSION = YES;
				GCC_WARN_ABOUT_RETURN_TYPE = YES_ERROR;
				GCC_WARN_UNDECLARED_SELECTOR = YES;
				GCC_WARN_UNINITIALIZED_AUTOS = YES_AGGRESSIVE;
				GCC_WARN_UNUSED_FUNCTION = YES;
				GCC_WARN_UNUSED_VARIABLE = YES;
				IPHONEOS_DEPLOYMENT_TARGET = 8.3;
				MTL_ENABLE_DEBUG_INFO = YES;
				ONLY_ACTIVE_ARCH = YES;
				SDKROOT = iphoneos;
				SWIFT_OPTIMIZATION_LEVEL = "-Onone";
			};
			name = Debug;
		};
		205F52CC1B33E161007699AA /* Release */ = {
			isa = XCBuildConfiguration;
			buildSettings = {
				ALWAYS_SEARCH_USER_PATHS = NO;
				CLANG_CXX_LANGUAGE_STANDARD = "gnu++0x";
				CLANG_CXX_LIBRARY = "libc++";
				CLANG_ENABLE_MODULES = YES;
				CLANG_ENABLE_OBJC_ARC = YES;
				CLANG_WARN_BOOL_CONVERSION = YES;
				CLANG_WARN_CONSTANT_CONVERSION = YES;
				CLANG_WARN_DIRECT_OBJC_ISA_USAGE = YES_ERROR;
				CLANG_WARN_EMPTY_BODY = YES;
				CLANG_WARN_ENUM_CONVERSION = YES;
				CLANG_WARN_INT_CONVERSION = YES;
				CLANG_WARN_OBJC_ROOT_CLASS = YES_ERROR;
				CLANG_WARN_UNREACHABLE_CODE = YES;
				CLANG_WARN__DUPLICATE_METHOD_MATCH = YES;
				"CODE_SIGN_IDENTITY[sdk=iphoneos*]" = "iPhone Developer";
				COPY_PHASE_STRIP = NO;
				DEBUG_INFORMATION_FORMAT = "dwarf-with-dsym";
				ENABLE_NS_ASSERTIONS = NO;
				ENABLE_STRICT_OBJC_MSGSEND = YES;
				GCC_C_LANGUAGE_STANDARD = gnu99;
				GCC_NO_COMMON_BLOCKS = YES;
				GCC_WARN_64_TO_32_BIT_CONVERSION = YES;
				GCC_WARN_ABOUT_RETURN_TYPE = YES_ERROR;
				GCC_WARN_UNDECLARED_SELECTOR = YES;
				GCC_WARN_UNINITIALIZED_AUTOS = YES_AGGRESSIVE;
				GCC_WARN_UNUSED_FUNCTION = YES;
				GCC_WARN_UNUSED_VARIABLE = YES;
				IPHONEOS_DEPLOYMENT_TARGET = 8.3;
				MTL_ENABLE_DEBUG_INFO = NO;
				SDKROOT = iphoneos;
				VALIDATE_PRODUCT = YES;
			};
			name = Release;
		};
		205F52CE1B33E161007699AA /* Debug */ = {
			isa = XCBuildConfiguration;
			buildSettings = {
				ASSETCATALOG_COMPILER_APPICON_NAME = AppIcon;
				INFOPLIST_FILE = SelfSizingCollectionViewCell/Info.plist;
				LD_RUNPATH_SEARCH_PATHS = "$(inherited) @executable_path/Frameworks";
				PRODUCT_NAME = "$(TARGET_NAME)";
			};
			name = Debug;
		};
		205F52CF1B33E161007699AA /* Release */ = {
			isa = XCBuildConfiguration;
			buildSettings = {
				ASSETCATALOG_COMPILER_APPICON_NAME = AppIcon;
				INFOPLIST_FILE = SelfSizingCollectionViewCell/Info.plist;
				LD_RUNPATH_SEARCH_PATHS = "$(inherited) @executable_path/Frameworks";
				PRODUCT_NAME = "$(TARGET_NAME)";
			};
			name = Release;
		};
		205F52D11B33E161007699AA /* Debug */ = {
			isa = XCBuildConfiguration;
			buildSettings = {
				BUNDLE_LOADER = "$(TEST_HOST)";
				FRAMEWORK_SEARCH_PATHS = (
					"$(SDKROOT)/Developer/Library/Frameworks",
					"$(inherited)",
				);
				GCC_PREPROCESSOR_DEFINITIONS = (
					"DEBUG=1",
					"$(inherited)",
				);
				INFOPLIST_FILE = SelfSizingCollectionViewCellTests/Info.plist;
				LD_RUNPATH_SEARCH_PATHS = "$(inherited) @executable_path/Frameworks @loader_path/Frameworks";
				PRODUCT_NAME = "$(TARGET_NAME)";
				TEST_HOST = "$(BUILT_PRODUCTS_DIR)/SelfSizingCollectionViewCell.app/SelfSizingCollectionViewCell";
			};
			name = Debug;
		};
		205F52D21B33E161007699AA /* Release */ = {
			isa = XCBuildConfiguration;
			buildSettings = {
				BUNDLE_LOADER = "$(TEST_HOST)";
				FRAMEWORK_SEARCH_PATHS = (
					"$(SDKROOT)/Developer/Library/Frameworks",
					"$(inherited)",
				);
				INFOPLIST_FILE = SelfSizingCollectionViewCellTests/Info.plist;
				LD_RUNPATH_SEARCH_PATHS = "$(inherited) @executable_path/Frameworks @loader_path/Frameworks";
				PRODUCT_NAME = "$(TARGET_NAME)";
				TEST_HOST = "$(BUILT_PRODUCTS_DIR)/SelfSizingCollectionViewCell.app/SelfSizingCollectionViewCell";
			};
			name = Release;
		};
/* End XCBuildConfiguration section */

/* Begin XCConfigurationList section */
		205F52A91B33E160007699AA /* Build configuration list for PBXProject "SelfSizingCollectionViewCell" */ = {
			isa = XCConfigurationList;
			buildConfigurations = (
				205F52CB1B33E161007699AA /* Debug */,
				205F52CC1B33E161007699AA /* Release */,
			);
			defaultConfigurationIsVisible = 0;
			defaultConfigurationName = Release;
		};
		205F52CD1B33E161007699AA /* Build configuration list for PBXNativeTarget "SelfSizingCollectionViewCell" */ = {
			isa = XCConfigurationList;
			buildConfigurations = (
				205F52CE1B33E161007699AA /* Debug */,
				205F52CF1B33E161007699AA /* Release */,
			);
			defaultConfigurationIsVisible = 0;
		};
		205F52D01B33E161007699AA /* Build configuration list for PBXNativeTarget "SelfSizingCollectionViewCellTests" */ = {
			isa = XCConfigurationList;
			buildConfigurations = (
				205F52D11B33E161007699AA /* Debug */,
				205F52D21B33E161007699AA /* Release */,
			);
			defaultConfigurationIsVisible = 0;
		};
/* End XCConfigurationList section */
	};
	rootObject = 205F52A61B33E160007699AA /* Project object */;
}
